
Microsoft Visual Studio Solution File, Format Version 12.00
# Visual Studio 14
VisualStudioVersion = 14.0.25420.1
MinimumVisualStudioVersion = 10.0.40219.1
Project("{FAE04EC0-301F-11D3-BF4B-00C04F79EFBC}") = "SKordubaylo.Mobile.Flashlight.Droid", "SKordubaylo.Mobile.Flashlight\SKordubaylo.Mobile.Flashlight.Droid\SKordubaylo.Mobile.Flashlight.Droid.csproj", "{FED923EE-0330-4FAA-B9BB-82C41CCEA03E}"
EndProject
Project("{FAE04EC0-301F-11D3-BF4B-00C04F79EFBC}") = "SKordubaylo.Mobile.Flashlight.iOS", "SKordubaylo.Mobile.Flashlight\SKordubaylo.Mobile.Flashlight.iOS\SKordubaylo.Mobile.Flashlight.iOS.csproj", "{2D92CC0B-641B-401C-9056-DD7FBC1847C1}"
EndProject
Project("{FAE04EC0-301F-11D3-BF4B-00C04F79EFBC}") = "SKordubaylo.Mobile.Flashlight.WinPhone", "SKordubaylo.Mobile.Flashlight\SKordubaylo.Mobile.Flashlight.WinPhone\SKordubaylo.Mobile.Flashlight.WinPhone.csproj", "{6DFE28C1-7488-4490-9958-540742D19237}"
EndProject
Project("{FAE04EC0-301F-11D3-BF4B-00C04F79EFBC}") = "SKordubaylo.Mobile.Flashlight.UWP", "SKordubaylo.Mobile.Flashlight\SKordubaylo.Mobile.Flashlight.UWP\SKordubaylo.Mobile.Flashlight.UWP.csproj", "{E6CA063E-EBDD-44F2-9F81-7326D0496609}"
EndProject
Project("{FAE04EC0-301F-11D3-BF4B-00C04F79EFBC}") = "SKordubaylo.Mobile.Flashlight.Windows", "SKordubaylo.Mobile.Flashlight\SKordubaylo.Mobile.Flashlight.Windows\SKordubaylo.Mobile.Flashlight.Windows.csproj", "{398545B5-AF42-469B-B526-FFD6AB5940CB}"
EndProject
Project("{FAE04EC0-301F-11D3-BF4B-00C04F79EFBC}") = "SKordubaylo.Mobile.Flashlight", "SKordubaylo.Mobile.Flashlight\SKordubaylo.Mobile.Flashlight\SKordubaylo.Mobile.Flashlight.csproj", "{5B0175AD-1CDF-48ED-B318-912D384568EB}"
EndProject
Global
	GlobalSection(SolutionConfigurationPlatforms) = preSolution
		Ad-Hoc|Any CPU = Ad-Hoc|Any CPU
		Ad-Hoc|ARM = Ad-Hoc|ARM
		Ad-Hoc|iPhone = Ad-Hoc|iPhone
		Ad-Hoc|iPhoneSimulator = Ad-Hoc|iPhoneSimulator
		Ad-Hoc|x64 = Ad-Hoc|x64
		Ad-Hoc|x86 = Ad-Hoc|x86
		AppStore|Any CPU = AppStore|Any CPU
		AppStore|ARM = AppStore|ARM
		AppStore|iPhone = AppStore|iPhone
		AppStore|iPhoneSimulator = AppStore|iPhoneSimulator
		AppStore|x64 = AppStore|x64
		AppStore|x86 = AppStore|x86
		Debug|Any CPU = Debug|Any CPU
		Debug|ARM = Debug|ARM
		Debug|iPhone = Debug|iPhone
		Debug|iPhoneSimulator = Debug|iPhoneSimulator
		Debug|x64 = Debug|x64
		Debug|x86 = Debug|x86
		Release|Any CPU = Release|Any CPU
		Release|ARM = Release|ARM
		Release|iPhone = Release|iPhone
		Release|iPhoneSimulator = Release|iPhoneSimulator
		Release|x64 = Release|x64
		Release|x86 = Release|x86
	EndGlobalSection
	GlobalSection(ProjectConfigurationPlatforms) = postSolution
		{FED923EE-0330-4FAA-B9BB-82C41CCEA03E}.Ad-Hoc|Any CPU.ActiveCfg = Release|Any CPU
		{FED923EE-0330-4FAA-B9BB-82C41CCEA03E}.Ad-Hoc|Any CPU.Build.0 = Release|Any CPU
		{FED923EE-0330-4FAA-B9BB-82C41CCEA03E}.Ad-Hoc|Any CPU.Deploy.0 = Release|Any CPU
		{FED923EE-0330-4FAA-B9BB-82C41CCEA03E}.Ad-Hoc|ARM.ActiveCfg = Release|Any CPU
		{FED923EE-0330-4FAA-B9BB-82C41CCEA03E}.Ad-Hoc|ARM.Build.0 = Release|Any CPU
		{FED923EE-0330-4FAA-B9BB-82C41CCEA03E}.Ad-Hoc|ARM.Deploy.0 = Release|Any CPU
		{FED923EE-0330-4FAA-B9BB-82C41CCEA03E}.Ad-Hoc|iPhone.ActiveCfg = Release|Any CPU
		{FED923EE-0330-4FAA-B9BB-82C41CCEA03E}.Ad-Hoc|iPhone.Build.0 = Release|Any CPU
		{FED923EE-0330-4FAA-B9BB-82C41CCEA03E}.Ad-Hoc|iPhone.Deploy.0 = Release|Any CPU
		{FED923EE-0330-4FAA-B9BB-82C41CCEA03E}.Ad-Hoc|iPhoneSimulator.ActiveCfg = Release|Any CPU
		{FED923EE-0330-4FAA-B9BB-82C41CCEA03E}.Ad-Hoc|iPhoneSimulator.Build.0 = Release|Any CPU
		{FED923EE-0330-4FAA-B9BB-82C41CCEA03E}.Ad-Hoc|iPhoneSimulator.Deploy.0 = Release|Any CPU
		{FED923EE-0330-4FAA-B9BB-82C41CCEA03E}.Ad-Hoc|x64.ActiveCfg = Release|Any CPU
		{FED923EE-0330-4FAA-B9BB-82C41CCEA03E}.Ad-Hoc|x64.Build.0 = Release|Any CPU
		{FED923EE-0330-4FAA-B9BB-82C41CCEA03E}.Ad-Hoc|x64.Deploy.0 = Release|Any CPU
		{FED923EE-0330-4FAA-B9BB-82C41CCEA03E}.Ad-Hoc|x86.ActiveCfg = Release|Any CPU
		{FED923EE-0330-4FAA-B9BB-82C41CCEA03E}.Ad-Hoc|x86.Build.0 = Release|Any CPU
		{FED923EE-0330-4FAA-B9BB-82C41CCEA03E}.Ad-Hoc|x86.Deploy.0 = Release|Any CPU
		{FED923EE-0330-4FAA-B9BB-82C41CCEA03E}.AppStore|Any CPU.ActiveCfg = Release|Any CPU
		{FED923EE-0330-4FAA-B9BB-82C41CCEA03E}.AppStore|Any CPU.Build.0 = Release|Any CPU
		{FED923EE-0330-4FAA-B9BB-82C41CCEA03E}.AppStore|Any CPU.Deploy.0 = Release|Any CPU
		{FED923EE-0330-4FAA-B9BB-82C41CCEA03E}.AppStore|ARM.ActiveCfg = Release|Any CPU
		{FED923EE-0330-4FAA-B9BB-82C41CCEA03E}.AppStore|ARM.Build.0 = Release|Any CPU
		{FED923EE-0330-4FAA-B9BB-82C41CCEA03E}.AppStore|ARM.Deploy.0 = Release|Any CPU
		{FED923EE-0330-4FAA-B9BB-82C41CCEA03E}.AppStore|iPhone.ActiveCfg = Release|Any CPU
		{FED923EE-0330-4FAA-B9BB-82C41CCEA03E}.AppStore|iPhone.Build.0 = Release|Any CPU
		{FED923EE-0330-4FAA-B9BB-82C41CCEA03E}.AppStore|iPhone.Deploy.0 = Release|Any CPU
		{FED923EE-0330-4FAA-B9BB-82C41CCEA03E}.AppStore|iPhoneSimulator.ActiveCfg = Release|Any CPU
		{FED923EE-0330-4FAA-B9BB-82C41CCEA03E}.AppStore|iPhoneSimulator.Build.0 = Release|Any CPU
		{FED923EE-0330-4FAA-B9BB-82C41CCEA03E}.AppStore|iPhoneSimulator.Deploy.0 = Release|Any CPU
		{FED923EE-0330-4FAA-B9BB-82C41CCEA03E}.AppStore|x64.ActiveCfg = Release|Any CPU
		{FED923EE-0330-4FAA-B9BB-82C41CCEA03E}.AppStore|x64.Build.0 = Release|Any CPU
		{FED923EE-0330-4FAA-B9BB-82C41CCEA03E}.AppStore|x64.Deploy.0 = Release|Any CPU
		{FED923EE-0330-4FAA-B9BB-82C41CCEA03E}.AppStore|x86.ActiveCfg = Release|Any CPU
		{FED923EE-0330-4FAA-B9BB-82C41CCEA03E}.AppStore|x86.Build.0 = Release|Any CPU
		{FED923EE-0330-4FAA-B9BB-82C41CCEA03E}.AppStore|x86.Deploy.0 = Release|Any CPU
		{FED923EE-0330-4FAA-B9BB-82C41CCEA03E}.Debug|Any CPU.ActiveCfg = Debug|Any CPU
		{FED923EE-0330-4FAA-B9BB-82C41CCEA03E}.Debug|Any CPU.Build.0 = Debug|Any CPU
		{FED923EE-0330-4FAA-B9BB-82C41CCEA03E}.Debug|Any CPU.Deploy.0 = Debug|Any CPU
		{FED923EE-0330-4FAA-B9BB-82C41CCEA03E}.Debug|ARM.ActiveCfg = Debug|Any CPU
		{FED923EE-0330-4FAA-B9BB-82C41CCEA03E}.Debug|ARM.Build.0 = Debug|Any CPU
		{FED923EE-0330-4FAA-B9BB-82C41CCEA03E}.Debug|ARM.Deploy.0 = Debug|Any CPU
		{FED923EE-0330-4FAA-B9BB-82C41CCEA03E}.Debug|iPhone.ActiveCfg = Debug|Any CPU
		{FED923EE-0330-4FAA-B9BB-82C41CCEA03E}.Debug|iPhone.Build.0 = Debug|Any CPU
		{FED923EE-0330-4FAA-B9BB-82C41CCEA03E}.Debug|iPhone.Deploy.0 = Debug|Any CPU
		{FED923EE-0330-4FAA-B9BB-82C41CCEA03E}.Debug|iPhoneSimulator.ActiveCfg = Debug|Any CPU
		{FED923EE-0330-4FAA-B9BB-82C41CCEA03E}.Debug|iPhoneSimulator.Build.0 = Debug|Any CPU
		{FED923EE-0330-4FAA-B9BB-82C41CCEA03E}.Debug|iPhoneSimulator.Deploy.0 = Debug|Any CPU
		{FED923EE-0330-4FAA-B9BB-82C41CCEA03E}.Debug|x64.ActiveCfg = Debug|Any CPU
		{FED923EE-0330-4FAA-B9BB-82C41CCEA03E}.Debug|x64.Build.0 = Debug|Any CPU
		{FED923EE-0330-4FAA-B9BB-82C41CCEA03E}.Debug|x64.Deploy.0 = Debug|Any CPU
		{FED923EE-0330-4FAA-B9BB-82C41CCEA03E}.Debug|x86.ActiveCfg = Debug|Any CPU
		{FED923EE-0330-4FAA-B9BB-82C41CCEA03E}.Debug|x86.Build.0 = Debug|Any CPU
		{FED923EE-0330-4FAA-B9BB-82C41CCEA03E}.Debug|x86.Deploy.0 = Debug|Any CPU
		{FED923EE-0330-4FAA-B9BB-82C41CCEA03E}.Release|Any CPU.ActiveCfg = Release|Any CPU
		{FED923EE-0330-4FAA-B9BB-82C41CCEA03E}.Release|Any CPU.Build.0 = Release|Any CPU
		{FED923EE-0330-4FAA-B9BB-82C41CCEA03E}.Release|Any CPU.Deploy.0 = Release|Any CPU
		{FED923EE-0330-4FAA-B9BB-82C41CCEA03E}.Release|ARM.ActiveCfg = Release|Any CPU
		{FED923EE-0330-4FAA-B9BB-82C41CCEA03E}.Release|ARM.Build.0 = Release|Any CPU
		{FED923EE-0330-4FAA-B9BB-82C41CCEA03E}.Release|ARM.Deploy.0 = Release|Any CPU
		{FED923EE-0330-4FAA-B9BB-82C41CCEA03E}.Release|iPhone.ActiveCfg = Release|Any CPU
		{FED923EE-0330-4FAA-B9BB-82C41CCEA03E}.Release|iPhone.Build.0 = Release|Any CPU
		{FED923EE-0330-4FAA-B9BB-82C41CCEA03E}.Release|iPhone.Deploy.0 = Release|Any CPU
		{FED923EE-0330-4FAA-B9BB-82C41CCEA03E}.Release|iPhoneSimulator.ActiveCfg = Release|Any CPU
		{FED923EE-0330-4FAA-B9BB-82C41CCEA03E}.Release|iPhoneSimulator.Build.0 = Release|Any CPU
		{FED923EE-0330-4FAA-B9BB-82C41CCEA03E}.Release|iPhoneSimulator.Deploy.0 = Release|Any CPU
		{FED923EE-0330-4FAA-B9BB-82C41CCEA03E}.Release|x64.ActiveCfg = Release|Any CPU
		{FED923EE-0330-4FAA-B9BB-82C41CCEA03E}.Release|x64.Build.0 = Release|Any CPU
		{FED923EE-0330-4FAA-B9BB-82C41CCEA03E}.Release|x64.Deploy.0 = Release|Any CPU
		{FED923EE-0330-4FAA-B9BB-82C41CCEA03E}.Release|x86.ActiveCfg = Release|Any CPU
		{FED923EE-0330-4FAA-B9BB-82C41CCEA03E}.Release|x86.Build.0 = Release|Any CPU
		{FED923EE-0330-4FAA-B9BB-82C41CCEA03E}.Release|x86.Deploy.0 = Release|Any CPU
		{2D92CC0B-641B-401C-9056-DD7FBC1847C1}.Ad-Hoc|Any CPU.ActiveCfg = Ad-Hoc|iPhone
		{2D92CC0B-641B-401C-9056-DD7FBC1847C1}.Ad-Hoc|ARM.ActiveCfg = Ad-Hoc|iPhone
		{2D92CC0B-641B-401C-9056-DD7FBC1847C1}.Ad-Hoc|iPhone.ActiveCfg = Ad-Hoc|iPhone
		{2D92CC0B-641B-401C-9056-DD7FBC1847C1}.Ad-Hoc|iPhone.Build.0 = Ad-Hoc|iPhone
		{2D92CC0B-641B-401C-9056-DD7FBC1847C1}.Ad-Hoc|iPhoneSimulator.ActiveCfg = Ad-Hoc|iPhoneSimulator
		{2D92CC0B-641B-401C-9056-DD7FBC1847C1}.Ad-Hoc|iPhoneSimulator.Build.0 = Ad-Hoc|iPhoneSimulator
		{2D92CC0B-641B-401C-9056-DD7FBC1847C1}.Ad-Hoc|x64.ActiveCfg = Ad-Hoc|iPhone
		{2D92CC0B-641B-401C-9056-DD7FBC1847C1}.Ad-Hoc|x86.ActiveCfg = Ad-Hoc|iPhone
		{2D92CC0B-641B-401C-9056-DD7FBC1847C1}.AppStore|Any CPU.ActiveCfg = AppStore|iPhone
		{2D92CC0B-641B-401C-9056-DD7FBC1847C1}.AppStore|ARM.ActiveCfg = AppStore|iPhone
		{2D92CC0B-641B-401C-9056-DD7FBC1847C1}.AppStore|iPhone.ActiveCfg = AppStore|iPhone
		{2D92CC0B-641B-401C-9056-DD7FBC1847C1}.AppStore|iPhone.Build.0 = AppStore|iPhone
		{2D92CC0B-641B-401C-9056-DD7FBC1847C1}.AppStore|iPhoneSimulator.ActiveCfg = AppStore|iPhoneSimulator
		{2D92CC0B-641B-401C-9056-DD7FBC1847C1}.AppStore|iPhoneSimulator.Build.0 = AppStore|iPhoneSimulator
		{2D92CC0B-641B-401C-9056-DD7FBC1847C1}.AppStore|x64.ActiveCfg = AppStore|iPhone
		{2D92CC0B-641B-401C-9056-DD7FBC1847C1}.AppStore|x86.ActiveCfg = AppStore|iPhone
		{2D92CC0B-641B-401C-9056-DD7FBC1847C1}.Debug|Any CPU.ActiveCfg = Debug|iPhone
		{2D92CC0B-641B-401C-9056-DD7FBC1847C1}.Debug|ARM.ActiveCfg = Debug|iPhone
		{2D92CC0B-641B-401C-9056-DD7FBC1847C1}.Debug|iPhone.ActiveCfg = Debug|iPhone
		{2D92CC0B-641B-401C-9056-DD7FBC1847C1}.Debug|iPhone.Build.0 = Debug|iPhone
		{2D92CC0B-641B-401C-9056-DD7FBC1847C1}.Debug|iPhoneSimulator.ActiveCfg = Debug|iPhoneSimulator
		{2D92CC0B-641B-401C-9056-DD7FBC1847C1}.Debug|iPhoneSimulator.Build.0 = Debug|iPhoneSimulator
		{2D92CC0B-641B-401C-9056-DD7FBC1847C1}.Debug|x64.ActiveCfg = Debug|iPhone
		{2D92CC0B-641B-401C-9056-DD7FBC1847C1}.Debug|x86.ActiveCfg = Debug|iPhone
		{2D92CC0B-641B-401C-9056-DD7FBC1847C1}.Release|Any CPU.ActiveCfg = Release|iPhone
		{2D92CC0B-641B-401C-9056-DD7FBC1847C1}.Release|ARM.ActiveCfg = Release|iPhone
		{2D92CC0B-641B-401C-9056-DD7FBC1847C1}.Release|iPhone.ActiveCfg = Release|iPhone
		{2D92CC0B-641B-401C-9056-DD7FBC1847C1}.Release|iPhone.Build.0 = Release|iPhone
		{2D92CC0B-641B-401C-9056-DD7FBC1847C1}.Release|iPhoneSimulator.ActiveCfg = Release|iPhoneSimulator
		{2D92CC0B-641B-401C-9056-DD7FBC1847C1}.Release|iPhoneSimulator.Build.0 = Release|iPhoneSimulator
		{2D92CC0B-641B-401C-9056-DD7FBC1847C1}.Release|x64.ActiveCfg = Release|iPhone
		{2D92CC0B-641B-401C-9056-DD7FBC1847C1}.Release|x86.ActiveCfg = Release|iPhone
		{6DFE28C1-7488-4490-9958-540742D19237}.Ad-Hoc|Any CPU.ActiveCfg = Release|Any CPU
		{6DFE28C1-7488-4490-9958-540742D19237}.Ad-Hoc|Any CPU.Build.0 = Release|Any CPU
		{6DFE28C1-7488-4490-9958-540742D19237}.Ad-Hoc|Any CPU.Deploy.0 = Release|Any CPU
		{6DFE28C1-7488-4490-9958-540742D19237}.Ad-Hoc|ARM.ActiveCfg = Release|ARM
		{6DFE28C1-7488-4490-9958-540742D19237}.Ad-Hoc|ARM.Build.0 = Release|ARM
		{6DFE28C1-7488-4490-9958-540742D19237}.Ad-Hoc|ARM.Deploy.0 = Release|ARM
		{6DFE28C1-7488-4490-9958-540742D19237}.Ad-Hoc|iPhone.ActiveCfg = Release|Any CPU
		{6DFE28C1-7488-4490-9958-540742D19237}.Ad-Hoc|iPhone.Build.0 = Release|Any CPU
		{6DFE28C1-7488-4490-9958-540742D19237}.Ad-Hoc|iPhone.Deploy.0 = Release|Any CPU
		{6DFE28C1-7488-4490-9958-540742D19237}.Ad-Hoc|iPhoneSimulator.ActiveCfg = Release|Any CPU
		{6DFE28C1-7488-4490-9958-540742D19237}.Ad-Hoc|iPhoneSimulator.Build.0 = Release|Any CPU
		{6DFE28C1-7488-4490-9958-540742D19237}.Ad-Hoc|iPhoneSimulator.Deploy.0 = Release|Any CPU
		{6DFE28C1-7488-4490-9958-540742D19237}.Ad-Hoc|x64.ActiveCfg = Release|Any CPU
		{6DFE28C1-7488-4490-9958-540742D19237}.Ad-Hoc|x64.Build.0 = Release|Any CPU
		{6DFE28C1-7488-4490-9958-540742D19237}.Ad-Hoc|x64.Deploy.0 = Release|Any CPU
		{6DFE28C1-7488-4490-9958-540742D19237}.Ad-Hoc|x86.ActiveCfg = Release|x86
		{6DFE28C1-7488-4490-9958-540742D19237}.Ad-Hoc|x86.Build.0 = Release|x86
		{6DFE28C1-7488-4490-9958-540742D19237}.Ad-Hoc|x86.Deploy.0 = Release|x86
		{6DFE28C1-7488-4490-9958-540742D19237}.AppStore|Any CPU.ActiveCfg = Release|Any CPU
		{6DFE28C1-7488-4490-9958-540742D19237}.AppStore|Any CPU.Build.0 = Release|Any CPU
		{6DFE28C1-7488-4490-9958-540742D19237}.AppStore|Any CPU.Deploy.0 = Release|Any CPU
		{6DFE28C1-7488-4490-9958-540742D19237}.AppStore|ARM.ActiveCfg = Release|ARM
		{6DFE28C1-7488-4490-9958-540742D19237}.AppStore|ARM.Build.0 = Release|ARM
		{6DFE28C1-7488-4490-9958-540742D19237}.AppStore|ARM.Deploy.0 = Release|ARM
		{6DFE28C1-7488-4490-9958-540742D19237}.AppStore|iPhone.ActiveCfg = Release|Any CPU
		{6DFE28C1-7488-4490-9958-540742D19237}.AppStore|iPhone.Build.0 = Release|Any CPU
		{6DFE28C1-7488-4490-9958-540742D19237}.AppStore|iPhone.Deploy.0 = Release|Any CPU
		{6DFE28C1-7488-4490-9958-540742D19237}.AppStore|iPhoneSimulator.ActiveCfg = Release|Any CPU
		{6DFE28C1-7488-4490-9958-540742D19237}.AppStore|iPhoneSimulator.Build.0 = Release|Any CPU
		{6DFE28C1-7488-4490-9958-540742D19237}.AppStore|iPhoneSimulator.Deploy.0 = Release|Any CPU
		{6DFE28C1-7488-4490-9958-540742D19237}.AppStore|x64.ActiveCfg = Release|Any CPU
		{6DFE28C1-7488-4490-9958-540742D19237}.AppStore|x64.Build.0 = Release|Any CPU
		{6DFE28C1-7488-4490-9958-540742D19237}.AppStore|x64.Deploy.0 = Release|Any CPU
		{6DFE28C1-7488-4490-9958-540742D19237}.AppStore|x86.ActiveCfg = Release|x86
		{6DFE28C1-7488-4490-9958-540742D19237}.AppStore|x86.Build.0 = Release|x86
		{6DFE28C1-7488-4490-9958-540742D19237}.AppStore|x86.Deploy.0 = Release|x86
		{6DFE28C1-7488-4490-9958-540742D19237}.Debug|Any CPU.ActiveCfg = Debug|Any CPU
		{6DFE28C1-7488-4490-9958-540742D19237}.Debug|Any CPU.Build.0 = Debug|Any CPU
		{6DFE28C1-7488-4490-9958-540742D19237}.Debug|Any CPU.Deploy.0 = Debug|Any CPU
		{6DFE28C1-7488-4490-9958-540742D19237}.Debug|ARM.ActiveCfg = Debug|ARM
		{6DFE28C1-7488-4490-9958-540742D19237}.Debug|ARM.Build.0 = Debug|ARM
		{6DFE28C1-7488-4490-9958-540742D19237}.Debug|ARM.Deploy.0 = Debug|ARM
		{6DFE28C1-7488-4490-9958-540742D19237}.Debug|iPhone.ActiveCfg = Debug|Any CPU
		{6DFE28C1-7488-4490-9958-540742D19237}.Debug|iPhone.Build.0 = Debug|Any CPU
		{6DFE28C1-7488-4490-9958-540742D19237}.Debug|iPhone.Deploy.0 = Debug|Any CPU
		{6DFE28C1-7488-4490-9958-540742D19237}.Debug|iPhoneSimulator.ActiveCfg = Debug|Any CPU
		{6DFE28C1-7488-4490-9958-540742D19237}.Debug|iPhoneSimulator.Build.0 = Debug|Any CPU
		{6DFE28C1-7488-4490-9958-540742D19237}.Debug|iPhoneSimulator.Deploy.0 = Debug|Any CPU
		{6DFE28C1-7488-4490-9958-540742D19237}.Debug|x64.ActiveCfg = Debug|Any CPU
		{6DFE28C1-7488-4490-9958-540742D19237}.Debug|x64.Build.0 = Debug|Any CPU
		{6DFE28C1-7488-4490-9958-540742D19237}.Debug|x64.Deploy.0 = Debug|Any CPU
		{6DFE28C1-7488-4490-9958-540742D19237}.Debug|x86.ActiveCfg = Debug|x86
		{6DFE28C1-7488-4490-9958-540742D19237}.Debug|x86.Build.0 = Debug|x86
		{6DFE28C1-7488-4490-9958-540742D19237}.Debug|x86.Deploy.0 = Debug|x86
		{6DFE28C1-7488-4490-9958-540742D19237}.Release|Any CPU.ActiveCfg = Release|Any CPU
		{6DFE28C1-7488-4490-9958-540742D19237}.Release|Any CPU.Build.0 = Release|Any CPU
		{6DFE28C1-7488-4490-9958-540742D19237}.Release|Any CPU.Deploy.0 = Release|Any CPU
		{6DFE28C1-7488-4490-9958-540742D19237}.Release|ARM.ActiveCfg = Release|ARM
		{6DFE28C1-7488-4490-9958-540742D19237}.Release|ARM.Build.0 = Release|ARM
		{6DFE28C1-7488-4490-9958-540742D19237}.Release|ARM.Deploy.0 = Release|ARM
		{6DFE28C1-7488-4490-9958-540742D19237}.Release|iPhone.ActiveCfg = Release|Any CPU
		{6DFE28C1-7488-4490-9958-540742D19237}.Release|iPhone.Build.0 = Release|Any CPU
		{6DFE28C1-7488-4490-9958-540742D19237}.Release|iPhone.Deploy.0 = Release|Any CPU
		{6DFE28C1-7488-4490-9958-540742D19237}.Release|iPhoneSimulator.ActiveCfg = Release|Any CPU
		{6DFE28C1-7488-4490-9958-540742D19237}.Release|iPhoneSimulator.Build.0 = Release|Any CPU
		{6DFE28C1-7488-4490-9958-540742D19237}.Release|iPhoneSimulator.Deploy.0 = Release|Any CPU
		{6DFE28C1-7488-4490-9958-540742D19237}.Release|x64.ActiveCfg = Release|Any CPU
		{6DFE28C1-7488-4490-9958-540742D19237}.Release|x64.Build.0 = Release|Any CPU
		{6DFE28C1-7488-4490-9958-540742D19237}.Release|x64.Deploy.0 = Release|Any CPU
		{6DFE28C1-7488-4490-9958-540742D19237}.Release|x86.ActiveCfg = Release|x86
		{6DFE28C1-7488-4490-9958-540742D19237}.Release|x86.Build.0 = Release|x86
		{6DFE28C1-7488-4490-9958-540742D19237}.Release|x86.Deploy.0 = Release|x86
		{E6CA063E-EBDD-44F2-9F81-7326D0496609}.Ad-Hoc|Any CPU.ActiveCfg = Release|x86
		{E6CA063E-EBDD-44F2-9F81-7326D0496609}.Ad-Hoc|Any CPU.Build.0 = Release|x86
		{E6CA063E-EBDD-44F2-9F81-7326D0496609}.Ad-Hoc|Any CPU.Deploy.0 = Release|x86
		{E6CA063E-EBDD-44F2-9F81-7326D0496609}.Ad-Hoc|ARM.ActiveCfg = Release|ARM
		{E6CA063E-EBDD-44F2-9F81-7326D0496609}.Ad-Hoc|ARM.Build.0 = Release|ARM
		{E6CA063E-EBDD-44F2-9F81-7326D0496609}.Ad-Hoc|ARM.Deploy.0 = Release|ARM
		{E6CA063E-EBDD-44F2-9F81-7326D0496609}.Ad-Hoc|iPhone.ActiveCfg = Release|x86
		{E6CA063E-EBDD-44F2-9F81-7326D0496609}.Ad-Hoc|iPhone.Build.0 = Release|x86
		{E6CA063E-EBDD-44F2-9F81-7326D0496609}.Ad-Hoc|iPhone.Deploy.0 = Release|x86
		{E6CA063E-EBDD-44F2-9F81-7326D0496609}.Ad-Hoc|iPhoneSimulator.ActiveCfg = Release|x86
		{E6CA063E-EBDD-44F2-9F81-7326D0496609}.Ad-Hoc|iPhoneSimulator.Build.0 = Release|x86
		{E6CA063E-EBDD-44F2-9F81-7326D0496609}.Ad-Hoc|iPhoneSimulator.Deploy.0 = Release|x86
		{E6CA063E-EBDD-44F2-9F81-7326D0496609}.Ad-Hoc|x64.ActiveCfg = Release|x64
		{E6CA063E-EBDD-44F2-9F81-7326D0496609}.Ad-Hoc|x64.Build.0 = Release|x64
		{E6CA063E-EBDD-44F2-9F81-7326D0496609}.Ad-Hoc|x64.Deploy.0 = Release|x64
		{E6CA063E-EBDD-44F2-9F81-7326D0496609}.Ad-Hoc|x86.ActiveCfg = Release|x86
		{E6CA063E-EBDD-44F2-9F81-7326D0496609}.Ad-Hoc|x86.Build.0 = Release|x86
		{E6CA063E-EBDD-44F2-9F81-7326D0496609}.Ad-Hoc|x86.Deploy.0 = Release|x86
		{E6CA063E-EBDD-44F2-9F81-7326D0496609}.AppStore|Any CPU.ActiveCfg = Release|x86
		{E6CA063E-EBDD-44F2-9F81-7326D0496609}.AppStore|Any CPU.Build.0 = Release|x86
		{E6CA063E-EBDD-44F2-9F81-7326D0496609}.AppStore|Any CPU.Deploy.0 = Release|x86
		{E6CA063E-EBDD-44F2-9F81-7326D0496609}.AppStore|ARM.ActiveCfg = Release|ARM
		{E6CA063E-EBDD-44F2-9F81-7326D0496609}.AppStore|ARM.Build.0 = Release|ARM
		{E6CA063E-EBDD-44F2-9F81-7326D0496609}.AppStore|ARM.Deploy.0 = Release|ARM
		{E6CA063E-EBDD-44F2-9F81-7326D0496609}.AppStore|iPhone.ActiveCfg = Release|x86
		{E6CA063E-EBDD-44F2-9F81-7326D0496609}.AppStore|iPhone.Build.0 = Release|x86
		{E6CA063E-EBDD-44F2-9F81-7326D0496609}.AppStore|iPhone.Deploy.0 = Release|x86
		{E6CA063E-EBDD-44F2-9F81-7326D0496609}.AppStore|iPhoneSimulator.ActiveCfg = Release|x86
		{E6CA063E-EBDD-44F2-9F81-7326D0496609}.AppStore|iPhoneSimulator.Build.0 = Release|x86
		{E6CA063E-EBDD-44F2-9F81-7326D0496609}.AppStore|iPhoneSimulator.Deploy.0 = Release|x86
		{E6CA063E-EBDD-44F2-9F81-7326D0496609}.AppStore|x64.ActiveCfg = Release|x64
		{E6CA063E-EBDD-44F2-9F81-7326D0496609}.AppStore|x64.Build.0 = Release|x64
		{E6CA063E-EBDD-44F2-9F81-7326D0496609}.AppStore|x64.Deploy.0 = Release|x64
		{E6CA063E-EBDD-44F2-9F81-7326D0496609}.AppStore|x86.ActiveCfg = Release|x86
		{E6CA063E-EBDD-44F2-9F81-7326D0496609}.AppStore|x86.Build.0 = Release|x86
		{E6CA063E-EBDD-44F2-9F81-7326D0496609}.AppStore|x86.Deploy.0 = Release|x86
		{E6CA063E-EBDD-44F2-9F81-7326D0496609}.Debug|Any CPU.ActiveCfg = Debug|x86
		{E6CA063E-EBDD-44F2-9F81-7326D0496609}.Debug|ARM.ActiveCfg = Debug|ARM
		{E6CA063E-EBDD-44F2-9F81-7326D0496609}.Debug|ARM.Build.0 = Debug|ARM
		{E6CA063E-EBDD-44F2-9F81-7326D0496609}.Debug|ARM.Deploy.0 = Debug|ARM
		{E6CA063E-EBDD-44F2-9F81-7326D0496609}.Debug|iPhone.ActiveCfg = Debug|x86
		{E6CA063E-EBDD-44F2-9F81-7326D0496609}.Debug|iPhoneSimulator.ActiveCfg = Debug|x86
		{E6CA063E-EBDD-44F2-9F81-7326D0496609}.Debug|x64.ActiveCfg = Debug|x64
		{E6CA063E-EBDD-44F2-9F81-7326D0496609}.Debug|x64.Build.0 = Debug|x64
		{E6CA063E-EBDD-44F2-9F81-7326D0496609}.Debug|x64.Deploy.0 = Debug|x64
		{E6CA063E-EBDD-44F2-9F81-7326D0496609}.Debug|x86.ActiveCfg = Debug|x86
		{E6CA063E-EBDD-44F2-9F81-7326D0496609}.Debug|x86.Build.0 = Debug|x86
		{E6CA063E-EBDD-44F2-9F81-7326D0496609}.Debug|x86.Deploy.0 = Debug|x86
		{E6CA063E-EBDD-44F2-9F81-7326D0496609}.Release|Any CPU.ActiveCfg = Release|x86
		{E6CA063E-EBDD-44F2-9F81-7326D0496609}.Release|ARM.ActiveCfg = Release|ARM
		{E6CA063E-EBDD-44F2-9F81-7326D0496609}.Release|ARM.Build.0 = Release|ARM
		{E6CA063E-EBDD-44F2-9F81-7326D0496609}.Release|ARM.Deploy.0 = Release|ARM
		{E6CA063E-EBDD-44F2-9F81-7326D0496609}.Release|iPhone.ActiveCfg = Release|x86
		{E6CA063E-EBDD-44F2-9F81-7326D0496609}.Release|iPhoneSimulator.ActiveCfg = Release|x86
		{E6CA063E-EBDD-44F2-9F81-7326D0496609}.Release|x64.ActiveCfg = Release|x64
		{E6CA063E-EBDD-44F2-9F81-7326D0496609}.Release|x64.Build.0 = Release|x64
		{E6CA063E-EBDD-44F2-9F81-7326D0496609}.Release|x64.Deploy.0 = Release|x64
		{E6CA063E-EBDD-44F2-9F81-7326D0496609}.Release|x86.ActiveCfg = Release|x86
		{E6CA063E-EBDD-44F2-9F81-7326D0496609}.Release|x86.Build.0 = Release|x86
		{E6CA063E-EBDD-44F2-9F81-7326D0496609}.Release|x86.Deploy.0 = Release|x86
		{398545B5-AF42-469B-B526-FFD6AB5940CB}.Ad-Hoc|Any CPU.ActiveCfg = Release|Any CPU
		{398545B5-AF42-469B-B526-FFD6AB5940CB}.Ad-Hoc|Any CPU.Build.0 = Release|Any CPU
		{398545B5-AF42-469B-B526-FFD6AB5940CB}.Ad-Hoc|Any CPU.Deploy.0 = Release|Any CPU
		{398545B5-AF42-469B-B526-FFD6AB5940CB}.Ad-Hoc|ARM.ActiveCfg = Release|ARM
		{398545B5-AF42-469B-B526-FFD6AB5940CB}.Ad-Hoc|ARM.Build.0 = Release|ARM
		{398545B5-AF42-469B-B526-FFD6AB5940CB}.Ad-Hoc|ARM.Deploy.0 = Release|ARM
		{398545B5-AF42-469B-B526-FFD6AB5940CB}.Ad-Hoc|iPhone.ActiveCfg = Release|Any CPU
		{398545B5-AF42-469B-B526-FFD6AB5940CB}.Ad-Hoc|iPhone.Build.0 = Release|Any CPU
		{398545B5-AF42-469B-B526-FFD6AB5940CB}.Ad-Hoc|iPhone.Deploy.0 = Release|Any CPU
		{398545B5-AF42-469B-B526-FFD6AB5940CB}.Ad-Hoc|iPhoneSimulator.ActiveCfg = Release|Any CPU
		{398545B5-AF42-469B-B526-FFD6AB5940CB}.Ad-Hoc|iPhoneSimulator.Build.0 = Release|Any CPU
		{398545B5-AF42-469B-B526-FFD6AB5940CB}.Ad-Hoc|iPhoneSimulator.Deploy.0 = Release|Any CPU
		{398545B5-AF42-469B-B526-FFD6AB5940CB}.Ad-Hoc|x64.ActiveCfg = Release|x64
		{398545B5-AF42-469B-B526-FFD6AB5940CB}.Ad-Hoc|x64.Build.0 = Release|x64
		{398545B5-AF42-469B-B526-FFD6AB5940CB}.Ad-Hoc|x64.Deploy.0 = Release|x64
		{398545B5-AF42-469B-B526-FFD6AB5940CB}.Ad-Hoc|x86.ActiveCfg = Release|x86
		{398545B5-AF42-469B-B526-FFD6AB5940CB}.Ad-Hoc|x86.Build.0 = Release|x86
		{398545B5-AF42-469B-B526-FFD6AB5940CB}.Ad-Hoc|x86.Deploy.0 = Release|x86
		{398545B5-AF42-469B-B526-FFD6AB5940CB}.AppStore|Any CPU.ActiveCfg = Release|Any CPU
		{398545B5-AF42-469B-B526-FFD6AB5940CB}.AppStore|Any CPU.Build.0 = Release|Any CPU
		{398545B5-AF42-469B-B526-FFD6AB5940CB}.AppStore|Any CPU.Deploy.0 = Release|Any CPU
		{398545B5-AF42-469B-B526-FFD6AB5940CB}.AppStore|ARM.ActiveCfg = Release|ARM
		{398545B5-AF42-469B-B526-FFD6AB5940CB}.AppStore|ARM.Build.0 = Release|ARM
		{398545B5-AF42-469B-B526-FFD6AB5940CB}.AppStore|ARM.Deploy.0 = Release|ARM
		{398545B5-AF42-469B-B526-FFD6AB5940CB}.AppStore|iPhone.ActiveCfg = Release|Any CPU
		{398545B5-AF42-469B-B526-FFD6AB5940CB}.AppStore|iPhone.Build.0 = Release|Any CPU
		{398545B5-AF42-469B-B526-FFD6AB5940CB}.AppStore|iPhone.Deploy.0 = Release|Any CPU
		{398545B5-AF42-469B-B526-FFD6AB5940CB}.AppStore|iPhoneSimulator.ActiveCfg = Release|Any CPU
		{398545B5-AF42-469B-B526-FFD6AB5940CB}.AppStore|iPhoneSimulator.Build.0 = Release|Any CPU
		{398545B5-AF42-469B-B526-FFD6AB5940CB}.AppStore|iPhoneSimulator.Deploy.0 = Release|Any CPU
		{398545B5-AF42-469B-B526-FFD6AB5940CB}.AppStore|x64.ActiveCfg = Release|x64
		{398545B5-AF42-469B-B526-FFD6AB5940CB}.AppStore|x64.Build.0 = Release|x64
		{398545B5-AF42-469B-B526-FFD6AB5940CB}.AppStore|x64.Deploy.0 = Release|x64
		{398545B5-AF42-469B-B526-FFD6AB5940CB}.AppStore|x86.ActiveCfg = Release|x86
		{398545B5-AF42-469B-B526-FFD6AB5940CB}.AppStore|x86.Build.0 = Release|x86
		{398545B5-AF42-469B-B526-FFD6AB5940CB}.AppStore|x86.Deploy.0 = Release|x86
		{398545B5-AF42-469B-B526-FFD6AB5940CB}.Debug|Any CPU.ActiveCfg = Debug|Any CPU
		{398545B5-AF42-469B-B526-FFD6AB5940CB}.Debug|Any CPU.Build.0 = Debug|Any CPU
		{398545B5-AF42-469B-B526-FFD6AB5940CB}.Debug|Any CPU.Deploy.0 = Debug|Any CPU
		{398545B5-AF42-469B-B526-FFD6AB5940CB}.Debug|ARM.ActiveCfg = Debug|ARM
		{398545B5-AF42-469B-B526-FFD6AB5940CB}.Debug|ARM.Build.0 = Debug|ARM
		{398545B5-AF42-469B-B526-FFD6AB5940CB}.Debug|ARM.Deploy.0 = Debug|ARM
		{398545B5-AF42-469B-B526-FFD6AB5940CB}.Debug|iPhone.ActiveCfg = Debug|Any CPU
		{398545B5-AF42-469B-B526-FFD6AB5940CB}.Debug|iPhone.Build.0 = Debug|Any CPU
		{398545B5-AF42-469B-B526-FFD6AB5940CB}.Debug|iPhone.Deploy.0 = Debug|Any CPU
		{398545B5-AF42-469B-B526-FFD6AB5940CB}.Debug|iPhoneSimulator.ActiveCfg = Debug|Any CPU
		{398545B5-AF42-469B-B526-FFD6AB5940CB}.Debug|iPhoneSimulator.Build.0 = Debug|Any CPU
		{398545B5-AF42-469B-B526-FFD6AB5940CB}.Debug|iPhoneSimulator.Deploy.0 = Debug|Any CPU
		{398545B5-AF42-469B-B526-FFD6AB5940CB}.Debug|x64.ActiveCfg = Debug|x64
		{398545B5-AF42-469B-B526-FFD6AB5940CB}.Debug|x64.Build.0 = Debug|x64
		{398545B5-AF42-469B-B526-FFD6AB5940CB}.Debug|x64.Deploy.0 = Debug|x64
		{398545B5-AF42-469B-B526-FFD6AB5940CB}.Debug|x86.ActiveCfg = Debug|x86
		{398545B5-AF42-469B-B526-FFD6AB5940CB}.Debug|x86.Build.0 = Debug|x86
		{398545B5-AF42-469B-B526-FFD6AB5940CB}.Debug|x86.Deploy.0 = Debug|x86
		{398545B5-AF42-469B-B526-FFD6AB5940CB}.Release|Any CPU.ActiveCfg = Release|Any CPU
		{398545B5-AF42-469B-B526-FFD6AB5940CB}.Release|Any CPU.Build.0 = Release|Any CPU
		{398545B5-AF42-469B-B526-FFD6AB5940CB}.Release|Any CPU.Deploy.0 = Release|Any CPU
		{398545B5-AF42-469B-B526-FFD6AB5940CB}.Release|ARM.ActiveCfg = Release|ARM
		{398545B5-AF42-469B-B526-FFD6AB5940CB}.Release|ARM.Build.0 = Release|ARM
		{398545B5-AF42-469B-B526-FFD6AB5940CB}.Release|ARM.Deploy.0 = Release|ARM
		{398545B5-AF42-469B-B526-FFD6AB5940CB}.Release|iPhone.ActiveCfg = Release|Any CPU
		{398545B5-AF42-469B-B526-FFD6AB5940CB}.Release|iPhone.Build.0 = Release|Any CPU
		{398545B5-AF42-469B-B526-FFD6AB5940CB}.Release|iPhone.Deploy.0 = Release|Any CPU
		{398545B5-AF42-469B-B526-FFD6AB5940CB}.Release|iPhoneSimulator.ActiveCfg = Release|Any CPU
		{398545B5-AF42-469B-B526-FFD6AB5940CB}.Release|iPhoneSimulator.Build.0 = Release|Any CPU
		{398545B5-AF42-469B-B526-FFD6AB5940CB}.Release|iPhoneSimulator.Deploy.0 = Release|Any CPU
		{398545B5-AF42-469B-B526-FFD6AB5940CB}.Release|x64.ActiveCfg = Release|x64
		{398545B5-AF42-469B-B526-FFD6AB5940CB}.Release|x64.Build.0 = Release|x64
		{398545B5-AF42-469B-B526-FFD6AB5940CB}.Release|x64.Deploy.0 = Release|x64
		{398545B5-AF42-469B-B526-FFD6AB5940CB}.Release|x86.ActiveCfg = Release|x86
		{398545B5-AF42-469B-B526-FFD6AB5940CB}.Release|x86.Build.0 = Release|x86
		{398545B5-AF42-469B-B526-FFD6AB5940CB}.Release|x86.Deploy.0 = Release|x86
		{5B0175AD-1CDF-48ED-B318-912D384568EB}.Ad-Hoc|Any CPU.ActiveCfg = Release|Any CPU
		{5B0175AD-1CDF-48ED-B318-912D384568EB}.Ad-Hoc|Any CPU.Build.0 = Release|Any CPU
		{5B0175AD-1CDF-48ED-B318-912D384568EB}.Ad-Hoc|ARM.ActiveCfg = Release|Any CPU
		{5B0175AD-1CDF-48ED-B318-912D384568EB}.Ad-Hoc|ARM.Build.0 = Release|Any CPU
		{5B0175AD-1CDF-48ED-B318-912D384568EB}.Ad-Hoc|iPhone.ActiveCfg = Release|Any CPU
		{5B0175AD-1CDF-48ED-B318-912D384568EB}.Ad-Hoc|iPhone.Build.0 = Release|Any CPU
		{5B0175AD-1CDF-48ED-B318-912D384568EB}.Ad-Hoc|iPhoneSimulator.ActiveCfg = Release|Any CPU
		{5B0175AD-1CDF-48ED-B318-912D384568EB}.Ad-Hoc|iPhoneSimulator.Build.0 = Release|Any CPU
		{5B0175AD-1CDF-48ED-B318-912D384568EB}.Ad-Hoc|x64.ActiveCfg = Release|Any CPU
		{5B0175AD-1CDF-48ED-B318-912D384568EB}.Ad-Hoc|x64.Build.0 = Release|Any CPU
		{5B0175AD-1CDF-48ED-B318-912D384568EB}.Ad-Hoc|x86.ActiveCfg = Release|Any CPU
		{5B0175AD-1CDF-48ED-B318-912D384568EB}.Ad-Hoc|x86.Build.0 = Release|Any CPU
		{5B0175AD-1CDF-48ED-B318-912D384568EB}.AppStore|Any CPU.ActiveCfg = Release|Any CPU
		{5B0175AD-1CDF-48ED-B318-912D384568EB}.AppStore|Any CPU.Build.0 = Release|Any CPU
		{5B0175AD-1CDF-48ED-B318-912D384568EB}.AppStore|ARM.ActiveCfg = Release|Any CPU
		{5B0175AD-1CDF-48ED-B318-912D384568EB}.AppStore|ARM.Build.0 = Release|Any CPU
		{5B0175AD-1CDF-48ED-B318-912D384568EB}.AppStore|iPhone.ActiveCfg = Release|Any CPU
		{5B0175AD-1CDF-48ED-B318-912D384568EB}.AppStore|iPhone.Build.0 = Release|Any CPU
		{5B0175AD-1CDF-48ED-B318-912D384568EB}.AppStore|iPhoneSimulator.ActiveCfg = Release|Any CPU
		{5B0175AD-1CDF-48ED-B318-912D384568EB}.AppStore|iPhoneSimulator.Build.0 = Release|Any CPU
		{5B0175AD-1CDF-48ED-B318-912D384568EB}.AppStore|x64.ActiveCfg = Release|Any CPU
		{5B0175AD-1CDF-48ED-B318-912D384568EB}.AppStore|x64.Build.0 = Release|Any CPU
		{5B0175AD-1CDF-48ED-B318-912D384568EB}.AppStore|x86.ActiveCfg = Release|Any CPU
		{5B0175AD-1CDF-48ED-B318-912D384568EB}.AppStore|x86.Build.0 = Release|Any CPU
		{5B0175AD-1CDF-48ED-B318-912D384568EB}.Debug|Any CPU.ActiveCfg = Debug|Any CPU
		{5B0175AD-1CDF-48ED-B318-912D384568EB}.Debug|Any CPU.Build.0 = Debug|Any CPU
		{5B0175AD-1CDF-48ED-B318-912D384568EB}.Debug|ARM.ActiveCfg = Debug|Any CPU
		{5B0175AD-1CDF-48ED-B318-912D384568EB}.Debug|ARM.Build.0 = Debug|Any CPU
		{5B0175AD-1CDF-48ED-B318-912D384568EB}.Debug|iPhone.ActiveCfg = Debug|Any CPU
		{5B0175AD-1CDF-48ED-B318-912D384568EB}.Debug|iPhone.Build.0 = Debug|Any CPU
		{5B0175AD-1CDF-48ED-B318-912D384568EB}.Debug|iPhoneSimulator.ActiveCfg = Debug|Any CPU
		{5B0175AD-1CDF-48ED-B318-912D384568EB}.Debug|iPhoneSimulator.Build.0 = Debug|Any CPU
		{5B0175AD-1CDF-48ED-B318-912D384568EB}.Debug|x64.ActiveCfg = Debug|Any CPU
		{5B0175AD-1CDF-48ED-B318-912D384568EB}.Debug|x64.Build.0 = Debug|Any CPU
		{5B0175AD-1CDF-48ED-B318-912D384568EB}.Debug|x86.ActiveCfg = Debug|Any CPU
		{5B0175AD-1CDF-48ED-B318-912D384568EB}.Debug|x86.Build.0 = Debug|Any CPU
		{5B0175AD-1CDF-48ED-B318-912D384568EB}.Release|Any CPU.ActiveCfg = Release|Any CPU
		{5B0175AD-1CDF-48ED-B318-912D384568EB}.Release|Any CPU.Build.0 = Release|Any CPU
		{5B0175AD-1CDF-48ED-B318-912D384568EB}.Release|ARM.ActiveCfg = Release|Any CPU
		{5B0175AD-1CDF-48ED-B318-912D384568EB}.Release|ARM.Build.0 = Release|Any CPU
		{5B0175AD-1CDF-48ED-B318-912D384568EB}.Release|iPhone.ActiveCfg = Release|Any CPU
		{5B0175AD-1CDF-48ED-B318-912D384568EB}.Release|iPhone.Build.0 = Release|Any CPU
		{5B0175AD-1CDF-48ED-B318-912D384568EB}.Release|iPhoneSimulator.ActiveCfg = Release|Any CPU
		{5B0175AD-1CDF-48ED-B318-912D384568EB}.Release|iPhoneSimulator.Build.0 = Release|Any CPU
		{5B0175AD-1CDF-48ED-B318-912D384568EB}.Release|x64.ActiveCfg = Release|Any CPU
		{5B0175AD-1CDF-48ED-B318-912D384568EB}.Release|x64.Build.0 = Release|Any CPU
		{5B0175AD-1CDF-48ED-B318-912D384568EB}.Release|x86.ActiveCfg = Release|Any CPU
		{5B0175AD-1CDF-48ED-B318-912D384568EB}.Release|x86.Build.0 = Release|Any CPU
	EndGlobalSection
	GlobalSection(SolutionProperties) = preSolution
		HideSolutionNode = FALSE
	EndGlobalSection
EndGlobal
